
Microsoft Visual Studio Solution File, Format Version 12.00
# Visual Studio 2013
VisualStudioVersion = 12.0.30501.0
MinimumVisualStudioVersion = 10.0.40219.1
Project("{FAE04EC0-301F-11D3-BF4B-00C04F79EFBC}") = "Quiz-July-11-William-O_Sullivan", "Quiz-July-11-William-O_Sullivan\Quiz-July-11-William-O_Sullivan.csproj", "{9A253D3E-3EBC-4A34-8D28-63350FD839B0}"
EndProject
Project("{FAE04EC0-301F-11D3-BF4B-00C04F79EFBC}") = "Quiz-July-11-William-O_Sullivan-2", "Quiz-July-11-William-O_Sullivan-2\Quiz-July-11-William-O_Sullivan-2.csproj", "{6B4FAD1E-A7AD-4E55-89F0-DAB1CEA72EE8}"
EndProject
Global
	GlobalSection(SolutionConfigurationPlatforms) = preSolution
		Debug|Any CPU = Debug|Any CPU
		Release|Any CPU = Release|Any CPU
	EndGlobalSection
	GlobalSection(ProjectConfigurationPlatforms) = postSolution
		{9A253D3E-3EBC-4A34-8D28-63350FD839B0}.Debug|Any CPU.ActiveCfg = Debug|Any CPU
		{9A253D3E-3EBC-4A34-8D28-63350FD839B0}.Debug|Any CPU.Build.0 = Debug|Any CPU
		{9A253D3E-3EBC-4A34-8D28-63350FD839B0}.Release|Any CPU.ActiveCfg = Release|Any CPU
		{9A253D3E-3EBC-4A34-8D28-63350FD839B0}.Release|Any CPU.Build.0 = Release|Any CPU
		{6B4FAD1E-A7AD-4E55-89F0-DAB1CEA72EE8}.Debug|Any CPU.ActiveCfg = Debug|Any CPU
		{6B4FAD1E-A7AD-4E55-89F0-DAB1CEA72EE8}.Debug|Any CPU.Build.0 = Debug|Any CPU
		{6B4FAD1E-A7AD-4E55-89F0-DAB1CEA72EE8}.Release|Any CPU.ActiveCfg = Release|Any CPU
		{6B4FAD1E-A7AD-4E55-89F0-DAB1CEA72EE8}.Release|Any CPU.Build.0 = Release|Any CPU
	EndGlobalSection
	GlobalSection(SolutionProperties) = preSolution
		HideSolutionNode = FALSE
	EndGlobalSection
EndGlobal
